// !$*UTF8*$!
{
	archiveVersion = 1;
	classes = {
	};
	objectVersion = 50;
	objects = {

/* Begin PBXBuildFile section */
		1143B4022296A52A00C09631 /* Assets.xcassets in Resources */ = {isa = PBXBuildFile; fileRef = 1143B4012296A52A00C09631 /* Assets.xcassets */; };
		11A057D42297B096009F154B /* StartViewController.swift in Sources */ = {isa = PBXBuildFile; fileRef = 11A057D32297B096009F154B /* StartViewController.swift */; };
		11A057D62297B190009F154B /* TutorialViewController.swift in Sources */ = {isa = PBXBuildFile; fileRef = 11A057D52297B190009F154B /* TutorialViewController.swift */; };
		11A057D82297DB5F009F154B /* SecondViewController.swift in Sources */ = {isa = PBXBuildFile; fileRef = 11A057D72297DB5F009F154B /* SecondViewController.swift */; };
		11D2E2222293EE8C00E70284 /* AppDelegate.swift in Sources */ = {isa = PBXBuildFile; fileRef = 11D2E2212293EE8C00E70284 /* AppDelegate.swift */; };
		11D2E2242293EE8C00E70284 /* FirstStageViewController.swift in Sources */ = {isa = PBXBuildFile; fileRef = 11D2E2232293EE8C00E70284 /* FirstStageViewController.swift */; };
		11D2E2272293EE8C00E70284 /* Main.storyboard in Resources */ = {isa = PBXBuildFile; fileRef = 11D2E2252293EE8C00E70284 /* Main.storyboard */; };
		11D2E22C2293EE8D00E70284 /* LaunchScreen.storyboard in Resources */ = {isa = PBXBuildFile; fileRef = 11D2E22A2293EE8D00E70284 /* LaunchScreen.storyboard */; };
		11D2E23722968D4D00E70284 /* Colors.xcassets in Resources */ = {isa = PBXBuildFile; fileRef = 11D2E23622968D4D00E70284 /* Colors.xcassets */; };
		11D938D8229923FB00D6B42C /* ScoreViewController.swift in Sources */ = {isa = PBXBuildFile; fileRef = 11D938D7229923FB00D6B42C /* ScoreViewController.swift */; };
		11D938DA2299364500D6B42C /* Constant.swift in Sources */ = {isa = PBXBuildFile; fileRef = 11D938D92299364500D6B42C /* Constant.swift */; };
		11D938DD2299368F00D6B42C /* UIColor.swift in Sources */ = {isa = PBXBuildFile; fileRef = 11D938DC2299368F00D6B42C /* UIColor.swift */; };
		11D938DF22993DEB00D6B42C /* Array+Differences.swift in Sources */ = {isa = PBXBuildFile; fileRef = 11D938DE22993DEB00D6B42C /* Array+Differences.swift */; };
/* End PBXBuildFile section */

/* Begin PBXFileReference section */
		1143B4012296A52A00C09631 /* Assets.xcassets */ = {isa = PBXFileReference; lastKnownFileType = folder.assetcatalog; path = Assets.xcassets; sourceTree = "<group>"; };
		11A057D32297B096009F154B /* StartViewController.swift */ = {isa = PBXFileReference; lastKnownFileType = sourcecode.swift; name = StartViewController.swift; path = ShapeOShape/StartViewController.swift; sourceTree = SOURCE_ROOT; };
		11A057D52297B190009F154B /* TutorialViewController.swift */ = {isa = PBXFileReference; lastKnownFileType = sourcecode.swift; path = TutorialViewController.swift; sourceTree = "<group>"; };
		11A057D72297DB5F009F154B /* SecondViewController.swift */ = {isa = PBXFileReference; lastKnownFileType = sourcecode.swift; path = SecondViewController.swift; sourceTree = "<group>"; };
		11D2E21E2293EE8C00E70284 /* ShapeOShape.app */ = {isa = PBXFileReference; explicitFileType = wrapper.application; includeInIndex = 0; path = ShapeOShape.app; sourceTree = BUILT_PRODUCTS_DIR; };
		11D2E2212293EE8C00E70284 /* AppDelegate.swift */ = {isa = PBXFileReference; lastKnownFileType = sourcecode.swift; path = AppDelegate.swift; sourceTree = "<group>"; };
		11D2E2232293EE8C00E70284 /* FirstStageViewController.swift */ = {isa = PBXFileReference; lastKnownFileType = sourcecode.swift; path = FirstStageViewController.swift; sourceTree = "<group>"; };
		11D2E2262293EE8C00E70284 /* Base */ = {isa = PBXFileReference; lastKnownFileType = file.storyboard; name = Base; path = Base.lproj/Main.storyboard; sourceTree = "<group>"; };
		11D2E22B2293EE8D00E70284 /* Base */ = {isa = PBXFileReference; lastKnownFileType = file.storyboard; name = Base; path = Base.lproj/LaunchScreen.storyboard; sourceTree = "<group>"; };
		11D2E22D2293EE8D00E70284 /* Info.plist */ = {isa = PBXFileReference; lastKnownFileType = text.plist.xml; path = Info.plist; sourceTree = "<group>"; };
		11D2E23622968D4D00E70284 /* Colors.xcassets */ = {isa = PBXFileReference; lastKnownFileType = folder.assetcatalog; path = Colors.xcassets; sourceTree = "<group>"; };
		11D938D7229923FB00D6B42C /* ScoreViewController.swift */ = {isa = PBXFileReference; lastKnownFileType = sourcecode.swift; path = ScoreViewController.swift; sourceTree = "<group>"; };
		11D938D92299364500D6B42C /* Constant.swift */ = {isa = PBXFileReference; lastKnownFileType = sourcecode.swift; path = Constant.swift; sourceTree = "<group>"; };
		11D938DC2299368F00D6B42C /* UIColor.swift */ = {isa = PBXFileReference; lastKnownFileType = sourcecode.swift; path = UIColor.swift; sourceTree = "<group>"; };
		11D938DE22993DEB00D6B42C /* Array+Differences.swift */ = {isa = PBXFileReference; lastKnownFileType = sourcecode.swift; path = "Array+Differences.swift"; sourceTree = "<group>"; };
/* End PBXFileReference section */

/* Begin PBXFrameworksBuildPhase section */
		11D2E21B2293EE8C00E70284 /* Frameworks */ = {
			isa = PBXFrameworksBuildPhase;
			buildActionMask = 2147483647;
			files = (
			);
			runOnlyForDeploymentPostprocessing = 0;
		};
/* End PBXFrameworksBuildPhase section */

/* Begin PBXGroup section */
		11D2E2152293EE8C00E70284 = {
			isa = PBXGroup;
			children = (
				11D2E2202293EE8C00E70284 /* ShapeOShape */,
				11D2E21F2293EE8C00E70284 /* Products */,
			);
			sourceTree = "<group>";
		};
		11D2E21F2293EE8C00E70284 /* Products */ = {
			isa = PBXGroup;
			children = (
				11D2E21E2293EE8C00E70284 /* ShapeOShape.app */,
			);
			name = Products;
			sourceTree = "<group>";
		};
		11D2E2202293EE8C00E70284 /* ShapeOShape */ = {
			isa = PBXGroup;
			children = (
				11D938DB2299368400D6B42C /* Extensions+Helpers */,
				11A057D32297B096009F154B /* StartViewController.swift */,
				11A057D52297B190009F154B /* TutorialViewController.swift */,
				11D2E2232293EE8C00E70284 /* FirstStageViewController.swift */,
				11A057D72297DB5F009F154B /* SecondViewController.swift */,
				11D938D7229923FB00D6B42C /* ScoreViewController.swift */,
				11D2E2212293EE8C00E70284 /* AppDelegate.swift */,
				11D2E2252293EE8C00E70284 /* Main.storyboard */,
				11D2E22A2293EE8D00E70284 /* LaunchScreen.storyboard */,
				11D2E22D2293EE8D00E70284 /* Info.plist */,
				11D2E23622968D4D00E70284 /* Colors.xcassets */,
				1143B4012296A52A00C09631 /* Assets.xcassets */,
			);
			path = ShapeOShape;
			sourceTree = "<group>";
		};
		11D938DB2299368400D6B42C /* Extensions+Helpers */ = {
			isa = PBXGroup;
			children = (
				11D938D92299364500D6B42C /* Constant.swift */,
				11D938DC2299368F00D6B42C /* UIColor.swift */,
				11D938DE22993DEB00D6B42C /* Array+Differences.swift */,
			);
			path = "Extensions+Helpers";
			sourceTree = "<group>";
		};
/* End PBXGroup section */

/* Begin PBXNativeTarget section */
		11D2E21D2293EE8C00E70284 /* ShapeOShape */ = {
			isa = PBXNativeTarget;
			buildConfigurationList = 11D2E2302293EE8D00E70284 /* Build configuration list for PBXNativeTarget "ShapeOShape" */;
			buildPhases = (
				11D2E21A2293EE8C00E70284 /* Sources */,
				11D2E21B2293EE8C00E70284 /* Frameworks */,
				11D2E21C2293EE8C00E70284 /* Resources */,
			);
			buildRules = (
			);
			dependencies = (
			);
			name = ShapeOShape;
			productName = ShapeOShape;
			productReference = 11D2E21E2293EE8C00E70284 /* ShapeOShape.app */;
			productType = "com.apple.product-type.application";
		};
/* End PBXNativeTarget section */

/* Begin PBXProject section */
		11D2E2162293EE8C00E70284 /* Project object */ = {
			isa = PBXProject;
			attributes = {
				LastSwiftUpdateCheck = 1020;
				LastUpgradeCheck = 1020;
				ORGANIZATIONNAME = "Daniel Aditya Istyana";
				TargetAttributes = {
					11D2E21D2293EE8C00E70284 = {
						CreatedOnToolsVersion = 10.2.1;
					};
				};
			};
			buildConfigurationList = 11D2E2192293EE8C00E70284 /* Build configuration list for PBXProject "ShapeOShape" */;
			compatibilityVersion = "Xcode 9.3";
			developmentRegion = en;
			hasScannedForEncodings = 0;
			knownRegions = (
				en,
				Base,
			);
			mainGroup = 11D2E2152293EE8C00E70284;
			productRefGroup = 11D2E21F2293EE8C00E70284 /* Products */;
			projectDirPath = "";
			projectRoot = "";
			targets = (
				11D2E21D2293EE8C00E70284 /* ShapeOShape */,
			);
		};
/* End PBXProject section */

/* Begin PBXResourcesBuildPhase section */
		11D2E21C2293EE8C00E70284 /* Resources */ = {
			isa = PBXResourcesBuildPhase;
			buildActionMask = 2147483647;
			files = (
				11D2E22C2293EE8D00E70284 /* LaunchScreen.storyboard in Resources */,
				11D2E23722968D4D00E70284 /* Colors.xcassets in Resources */,
				1143B4022296A52A00C09631 /* Assets.xcassets in Resources */,
				11D2E2272293EE8C00E70284 /* Main.storyboard in Resources */,
			);
			runOnlyForDeploymentPostprocessing = 0;
		};
/* End PBXResourcesBuildPhase section */

/* Begin PBXSourcesBuildPhase section */
		11D2E21A2293EE8C00E70284 /* Sources */ = {
			isa = PBXSourcesBuildPhase;
			buildActionMask = 2147483647;
			files = (
				11D938DA2299364500D6B42C /* Constant.swift in Sources */,
				11D2E2242293EE8C00E70284 /* FirstStageViewController.swift in Sources */,
				11A057D42297B096009F154B /* StartViewController.swift in Sources */,
				11A057D62297B190009F154B /* TutorialViewController.swift in Sources */,
				11A057D82297DB5F009F154B /* SecondViewController.swift in Sources */,
				11D938DD2299368F00D6B42C /* UIColor.swift in Sources */,
				11D2E2222293EE8C00E70284 /* AppDelegate.swift in Sources */,
				11D938D8229923FB00D6B42C /* ScoreViewController.swift in Sources */,
				11D938DF22993DEB00D6B42C /* Array+Differences.swift in Sources */,
			);
			runOnlyForDeploymentPostprocessing = 0;
		};
/* End PBXSourcesBuildPhase section */

/* Begin PBXVariantGroup section */
		11D2E2252293EE8C00E70284 /* Main.storyboard */ = {
			isa = PBXVariantGroup;
			children = (
				11D2E2262293EE8C00E70284 /* Base */,
			);
			name = Main.storyboard;
			sourceTree = "<group>";
		};
		11D2E22A2293EE8D00E70284 /* LaunchScreen.storyboard */ = {
			isa = PBXVariantGroup;
			children = (
				11D2E22B2293EE8D00E70284 /* Base */,
			);
			name = LaunchScreen.storyboard;
			sourceTree = "<group>";
		};
/* End PBXVariantGroup section */

/* Begin XCBuildConfiguration section */
		11D2E22E2293EE8D00E70284 /* Debug */ = {
			isa = XCBuildConfiguration;
			buildSettings = {
				ALWAYS_SEARCH_USER_PATHS = NO;
				CLANG_ANALYZER_NONNULL = YES;
				CLANG_ANALYZER_NUMBER_OBJECT_CONVERSION = YES_AGGRESSIVE;
				CLANG_CXX_LANGUAGE_STANDARD = "gnu++14";
				CLANG_CXX_LIBRARY = "libc++";
				CLANG_ENABLE_MODULES = YES;
				CLANG_ENABLE_OBJC_ARC = YES;
				CLANG_ENABLE_OBJC_WEAK = YES;
				CLANG_WARN_BLOCK_CAPTURE_AUTORELEASING = YES;
				CLANG_WARN_BOOL_CONVERSION = YES;
				CLANG_WARN_COMMA = YES;
				CLANG_WARN_CONSTANT_CONVERSION = YES;
				CLANG_WARN_DEPRECATED_OBJC_IMPLEMENTATIONS = YES;
				CLANG_WARN_DIRECT_OBJC_ISA_USAGE = YES_ERROR;
				CLANG_WARN_DOCUMENTATION_COMMENTS = YES;
				CLANG_WARN_EMPTY_BODY = YES;
				CLANG_WARN_ENUM_CONVERSION = YES;
				CLANG_WARN_INFINITE_RECURSION = YES;
				CLANG_WARN_INT_CONVERSION = YES;
				CLANG_WARN_NON_LITERAL_NULL_CONVERSION = YES;
				CLANG_WARN_OBJC_IMPLICIT_RETAIN_SELF = YES;
				CLANG_WARN_OBJC_LITERAL_CONVERSION = YES;
				CLANG_WARN_OBJC_ROOT_CLASS = YES_ERROR;
				CLANG_WARN_RANGE_LOOP_ANALYSIS = YES;
				CLANG_WARN_STRICT_PROTOTYPES = YES;
				CLANG_WARN_SUSPICIOUS_MOVE = YES;
				CLANG_WARN_UNGUARDED_AVAILABILITY = YES_AGGRESSIVE;
				CLANG_WARN_UNREACHABLE_CODE = YES;
				CLANG_WARN__DUPLICATE_METHOD_MATCH = YES;
				CODE_SIGN_IDENTITY = "iPhone Developer";
				COPY_PHASE_STRIP = NO;
				DEBUG_INFORMATION_FORMAT = dwarf;
				ENABLE_STRICT_OBJC_MSGSEND = YES;
				ENABLE_TESTABILITY = YES;
				GCC_C_LANGUAGE_STANDARD = gnu11;
				GCC_DYNAMIC_NO_PIC = NO;
				GCC_NO_COMMON_BLOCKS = YES;
				GCC_OPTIMIZATION_LEVEL = 0;
				GCC_PREPROCESSOR_DEFINITIONS = (
					"DEBUG=1",
					"$(inherited)",
				);
				GCC_WARN_64_TO_32_BIT_CONVERSION = YES;
				GCC_WARN_ABOUT_RETURN_TYPE = YES_ERROR;
				GCC_WARN_UNDECLARED_SELECTOR = YES;
				GCC_WARN_UNINITIALIZED_AUTOS = YES_AGGRESSIVE;
				GCC_WARN_UNUSED_FUNCTION = YES;
				GCC_WARN_UNUSED_VARIABLE = YES;
				IPHONEOS_DEPLOYMENT_TARGET = 12.2;
				MTL_ENABLE_DEBUG_INFO = INCLUDE_SOURCE;
				MTL_FAST_MATH = YES;
				ONLY_ACTIVE_ARCH = YES;
				SDKROOT = iphoneos;
				SWIFT_ACTIVE_COMPILATION_CONDITIONS = DEBUG;
				SWIFT_OPTIMIZATION_LEVEL = "-Onone";
			};
			name = Debug;
		};
		11D2E22F2293EE8D00E70284 /* Release */ = {
			isa = XCBuildConfiguration;
			buildSettings = {
				ALWAYS_SEARCH_USER_PATHS = NO;
				CLANG_ANALYZER_NONNULL = YES;
				CLANG_ANALYZER_NUMBER_OBJECT_CONVERSION = YES_AGGRESSIVE;
				CLANG_CXX_LANGUAGE_STANDARD = "gnu++14";
				CLANG_CXX_LIBRARY = "libc++";
				CLANG_ENABLE_MODULES = YES;
				CLANG_ENABLE_OBJC_ARC = YES;
				CLANG_ENABLE_OBJC_WEAK = YES;
				CLANG_WARN_BLOCK_CAPTURE_AUTORELEASING = YES;
				CLANG_WARN_BOOL_CONVERSION = YES;
				CLANG_WARN_COMMA = YES;
				CLANG_WARN_CONSTANT_CONVERSION = YES;
				CLANG_WARN_DEPRECATED_OBJC_IMPLEMENTATIONS = YES;
				CLANG_WARN_DIRECT_OBJC_ISA_USAGE = YES_ERROR;
				CLANG_WARN_DOCUMENTATION_COMMENTS = YES;
				CLANG_WARN_EMPTY_BODY = YES;
				CLANG_WARN_ENUM_CONVERSION = YES;
				CLANG_WARN_INFINITE_RECURSION = YES;
				CLANG_WARN_INT_CONVERSION = YES;
				CLANG_WARN_NON_LITERAL_NULL_CONVERSION = YES;
				CLANG_WARN_OBJC_IMPLICIT_RETAIN_SELF = YES;
				CLANG_WARN_OBJC_LITERAL_CONVERSION = YES;
				CLANG_WARN_OBJC_ROOT_CLASS = YES_ERROR;
				CLANG_WARN_RANGE_LOOP_ANALYSIS = YES;
				CLANG_WARN_STRICT_PROTOTYPES = YES;
				CLANG_WARN_SUSPICIOUS_MOVE = YES;
				CLANG_WARN_UNGUARDED_AVAILABILITY = YES_AGGRESSIVE;
				CLANG_WARN_UNREACHABLE_CODE = YES;
				CLANG_WARN__DUPLICATE_METHOD_MATCH = YES;
				CODE_SIGN_IDENTITY = "iPhone Developer";
				COPY_PHASE_STRIP = NO;
				DEBUG_INFORMATION_FORMAT = "dwarf-with-dsym";
				ENABLE_NS_ASSERTIONS = NO;
				ENABLE_STRICT_OBJC_MSGSEND = YES;
				GCC_C_LANGUAGE_STANDARD = gnu11;
				GCC_NO_COMMON_BLOCKS = YES;
				GCC_WARN_64_TO_32_BIT_CONVERSION = YES;
				GCC_WARN_ABOUT_RETURN_TYPE = YES_ERROR;
				GCC_WARN_UNDECLARED_SELECTOR = YES;
				GCC_WARN_UNINITIALIZED_AUTOS = YES_AGGRESSIVE;
				GCC_WARN_UNUSED_FUNCTION = YES;
				GCC_WARN_UNUSED_VARIABLE = YES;
				IPHONEOS_DEPLOYMENT_TARGET = 12.2;
				MTL_ENABLE_DEBUG_INFO = NO;
				MTL_FAST_MATH = YES;
				SDKROOT = iphoneos;
				SWIFT_COMPILATION_MODE = wholemodule;
				SWIFT_OPTIMIZATION_LEVEL = "-O";
				VALIDATE_PRODUCT = YES;
			};
			name = Release;
		};
		11D2E2312293EE8D00E70284 /* Debug */ = {
			isa = XCBuildConfiguration;
			buildSettings = {
				ASSETCATALOG_COMPILER_APPICON_NAME = AppIcon;
				CODE_SIGN_STYLE = Automatic;
				DEVELOPMENT_TEAM = M875SGQ623;
				INFOPLIST_FILE = ShapeOShape/Info.plist;
				LD_RUNPATH_SEARCH_PATHS = (
					"$(inherited)",
					"@executable_path/Frameworks",
				);
				PRODUCT_BUNDLE_IDENTIFIER = com.adityadaniel.ShapeOShape;
				PRODUCT_NAME = "$(TARGET_NAME)";
				SWIFT_VERSION = 5.0;
				TARGETED_DEVICE_FAMILY = "1,2";
			};
			name = Debug;
		};
		11D2E2322293EE8D00E70284 /* Release */ = {
			isa = XCBuildConfiguration;
			buildSettings = {
				ASSETCATALOG_COMPILER_APPICON_NAME = AppIcon;
				CODE_SIGN_STYLE = Automatic;
				DEVELOPMENT_TEAM = M875SGQ623;
				INFOPLIST_FILE = ShapeOShape/Info.plist;
				LD_RUNPATH_SEARCH_PATHS = (
					"$(inherited)",
					"@executable_path/Frameworks",
				);
				PRODUCT_BUNDLE_IDENTIFIER = com.adityadaniel.ShapeOShape;
				PRODUCT_NAME = "$(TARGET_NAME)";
				SWIFT_VERSION = 5.0;
				TARGETED_DEVICE_FAMILY = "1,2";
			};
			name = Release;
		};
/* End XCBuildConfiguration section */

/* Begin XCConfigurationList section */
		11D2E2192293EE8C00E70284 /* Build configuration list for PBXProject "ShapeOShape" */ = {
			isa = XCConfigurationList;
			buildConfigurations = (
				11D2E22E2293EE8D00E70284 /* Debug */,
				11D2E22F2293EE8D00E70284 /* Release */,
			);
			defaultConfigurationIsVisible = 0;
			defaultConfigurationName = Release;
		};
		11D2E2302293EE8D00E70284 /* Build configuration list for PBXNativeTarget "ShapeOShape" */ = {
			isa = XCConfigurationList;
			buildConfigurations = (
				11D2E2312293EE8D00E70284 /* Debug */,
				11D2E2322293EE8D00E70284 /* Release */,
			);
			defaultConfigurationIsVisible = 0;
			defaultConfigurationName = Release;
		};
/* End XCConfigurationList section */
	};
	rootObject = 11D2E2162293EE8C00E70284 /* Project object */;
}
